// !$*UTF8*$!
{
	archiveVersion = 1;
	classes = {
	};
	objectVersion = 46;
	objects = {

/* Begin PBXBuildFile section */
		832DED001E56871B009585CE /* MetadataService.swift in Sources */ = {isa = PBXBuildFile; fileRef = 832DECFC1E56871B009585CE /* MetadataService.swift */; };
		832DED011E56871B009585CE /* Models.swift in Sources */ = {isa = PBXBuildFile; fileRef = 832DECFD1E56871B009585CE /* Models.swift */; };
		832DED021E56871B009585CE /* Result.swift in Sources */ = {isa = PBXBuildFile; fileRef = 832DECFE1E56871B009585CE /* Result.swift */; };
		832DED031E56871B009585CE /* ServiceHelpers.swift in Sources */ = {isa = PBXBuildFile; fileRef = 832DECFF1E56871B009585CE /* ServiceHelpers.swift */; };
		832DED0C1E568783009585CE /* LoadingViewController.swift in Sources */ = {isa = PBXBuildFile; fileRef = 832DED051E568783009585CE /* LoadingViewController.swift */; };
		832DED0D1E568783009585CE /* MoviesViewController.swift in Sources */ = {isa = PBXBuildFile; fileRef = 832DED061E568783009585CE /* MoviesViewController.swift */; };
		832DED0E1E568783009585CE /* MovieViewController.swift in Sources */ = {isa = PBXBuildFile; fileRef = 832DED071E568783009585CE /* MovieViewController.swift */; };
		832DED0F1E568783009585CE /* TVEpisodeViewController.swift in Sources */ = {isa = PBXBuildFile; fileRef = 832DED081E568783009585CE /* TVEpisodeViewController.swift */; };
		832DED101E568783009585CE /* TVSeasonEpisodesViewController.swift in Sources */ = {isa = PBXBuildFile; fileRef = 832DED091E568783009585CE /* TVSeasonEpisodesViewController.swift */; };
		832DED111E568783009585CE /* TVShowSeasonsViewController.swift in Sources */ = {isa = PBXBuildFile; fileRef = 832DED0A1E568783009585CE /* TVShowSeasonsViewController.swift */; };
		832DED121E568783009585CE /* TVViewController.swift in Sources */ = {isa = PBXBuildFile; fileRef = 832DED0B1E568783009585CE /* TVViewController.swift */; };
		832DED151E568788009585CE /* StateManager.swift in Sources */ = {isa = PBXBuildFile; fileRef = 832DED141E568788009585CE /* StateManager.swift */; };
		832DED181E568790009585CE /* PictureCell.swift in Sources */ = {isa = PBXBuildFile; fileRef = 832DED171E568790009585CE /* PictureCell.swift */; };
		832DED1B1E56879D009585CE /* LayoutHelpers.swift in Sources */ = {isa = PBXBuildFile; fileRef = 832DED1A1E56879D009585CE /* LayoutHelpers.swift */; };
		8396787C1E56822D00A6B6B2 /* AppDelegate.swift in Sources */ = {isa = PBXBuildFile; fileRef = 8396787B1E56822D00A6B6B2 /* AppDelegate.swift */; };
		839678831E56822D00A6B6B2 /* Assets.xcassets in Resources */ = {isa = PBXBuildFile; fileRef = 839678821E56822D00A6B6B2 /* Assets.xcassets */; };
		839678861E56822D00A6B6B2 /* LaunchScreen.storyboard in Resources */ = {isa = PBXBuildFile; fileRef = 839678841E56822D00A6B6B2 /* LaunchScreen.storyboard */; };
		839678911E56822D00A6B6B2 /* gondola_iosTests.swift in Sources */ = {isa = PBXBuildFile; fileRef = 839678901E56822D00A6B6B2 /* gondola_iosTests.swift */; };
/* End PBXBuildFile section */

/* Begin PBXContainerItemProxy section */
		8396788D1E56822D00A6B6B2 /* PBXContainerItemProxy */ = {
			isa = PBXContainerItemProxy;
			containerPortal = 839678701E56822D00A6B6B2 /* Project object */;
			proxyType = 1;
			remoteGlobalIDString = 839678771E56822D00A6B6B2;
			remoteInfo = "gondola-ios";
		};
/* End PBXContainerItemProxy section */

/* Begin PBXFileReference section */
		832DECFC1E56871B009585CE /* MetadataService.swift */ = {isa = PBXFileReference; fileEncoding = 4; lastKnownFileType = sourcecode.swift; path = MetadataService.swift; sourceTree = "<group>"; };
		832DECFD1E56871B009585CE /* Models.swift */ = {isa = PBXFileReference; fileEncoding = 4; lastKnownFileType = sourcecode.swift; path = Models.swift; sourceTree = "<group>"; };
		832DECFE1E56871B009585CE /* Result.swift */ = {isa = PBXFileReference; fileEncoding = 4; lastKnownFileType = sourcecode.swift; path = Result.swift; sourceTree = "<group>"; };
		832DECFF1E56871B009585CE /* ServiceHelpers.swift */ = {isa = PBXFileReference; fileEncoding = 4; lastKnownFileType = sourcecode.swift; path = ServiceHelpers.swift; sourceTree = "<group>"; };
		832DED051E568783009585CE /* LoadingViewController.swift */ = {isa = PBXFileReference; fileEncoding = 4; lastKnownFileType = sourcecode.swift; path = LoadingViewController.swift; sourceTree = "<group>"; };
		832DED061E568783009585CE /* MoviesViewController.swift */ = {isa = PBXFileReference; fileEncoding = 4; lastKnownFileType = sourcecode.swift; path = MoviesViewController.swift; sourceTree = "<group>"; };
		832DED071E568783009585CE /* MovieViewController.swift */ = {isa = PBXFileReference; fileEncoding = 4; lastKnownFileType = sourcecode.swift; path = MovieViewController.swift; sourceTree = "<group>"; };
		832DED081E568783009585CE /* TVEpisodeViewController.swift */ = {isa = PBXFileReference; fileEncoding = 4; lastKnownFileType = sourcecode.swift; path = TVEpisodeViewController.swift; sourceTree = "<group>"; };
		832DED091E568783009585CE /* TVSeasonEpisodesViewController.swift */ = {isa = PBXFileReference; fileEncoding = 4; lastKnownFileType = sourcecode.swift; path = TVSeasonEpisodesViewController.swift; sourceTree = "<group>"; };
		832DED0A1E568783009585CE /* TVShowSeasonsViewController.swift */ = {isa = PBXFileReference; fileEncoding = 4; lastKnownFileType = sourcecode.swift; path = TVShowSeasonsViewController.swift; sourceTree = "<group>"; };
		832DED0B1E568783009585CE /* TVViewController.swift */ = {isa = PBXFileReference; fileEncoding = 4; lastKnownFileType = sourcecode.swift; path = TVViewController.swift; sourceTree = "<group>"; };
		832DED141E568788009585CE /* StateManager.swift */ = {isa = PBXFileReference; fileEncoding = 4; lastKnownFileType = sourcecode.swift; path = StateManager.swift; sourceTree = "<group>"; };
		832DED171E568790009585CE /* PictureCell.swift */ = {isa = PBXFileReference; fileEncoding = 4; lastKnownFileType = sourcecode.swift; path = PictureCell.swift; sourceTree = "<group>"; };
		832DED1A1E56879D009585CE /* LayoutHelpers.swift */ = {isa = PBXFileReference; fileEncoding = 4; lastKnownFileType = sourcecode.swift; path = LayoutHelpers.swift; sourceTree = "<group>"; };
		839678781E56822D00A6B6B2 /* gondola-ios.app */ = {isa = PBXFileReference; explicitFileType = wrapper.application; includeInIndex = 0; path = "gondola-ios.app"; sourceTree = BUILT_PRODUCTS_DIR; };
		8396787B1E56822D00A6B6B2 /* AppDelegate.swift */ = {isa = PBXFileReference; lastKnownFileType = sourcecode.swift; path = AppDelegate.swift; sourceTree = "<group>"; };
		839678821E56822D00A6B6B2 /* Assets.xcassets */ = {isa = PBXFileReference; lastKnownFileType = folder.assetcatalog; path = Assets.xcassets; sourceTree = "<group>"; };
		839678851E56822D00A6B6B2 /* Base */ = {isa = PBXFileReference; lastKnownFileType = file.storyboard; name = Base; path = Base.lproj/LaunchScreen.storyboard; sourceTree = "<group>"; };
		839678871E56822D00A6B6B2 /* Info.plist */ = {isa = PBXFileReference; lastKnownFileType = text.plist.xml; path = Info.plist; sourceTree = "<group>"; };
		8396788C1E56822D00A6B6B2 /* gondola-iosTests.xctest */ = {isa = PBXFileReference; explicitFileType = wrapper.cfbundle; includeInIndex = 0; path = "gondola-iosTests.xctest"; sourceTree = BUILT_PRODUCTS_DIR; };
		839678901E56822D00A6B6B2 /* gondola_iosTests.swift */ = {isa = PBXFileReference; lastKnownFileType = sourcecode.swift; path = gondola_iosTests.swift; sourceTree = "<group>"; };
		839678921E56822D00A6B6B2 /* Info.plist */ = {isa = PBXFileReference; lastKnownFileType = text.plist.xml; path = Info.plist; sourceTree = "<group>"; };
/* End PBXFileReference section */

/* Begin PBXFrameworksBuildPhase section */
		839678751E56822D00A6B6B2 /* Frameworks */ = {
			isa = PBXFrameworksBuildPhase;
			buildActionMask = 2147483647;
			files = (
			);
			runOnlyForDeploymentPostprocessing = 0;
		};
		839678891E56822D00A6B6B2 /* Frameworks */ = {
			isa = PBXFrameworksBuildPhase;
			buildActionMask = 2147483647;
			files = (
			);
			runOnlyForDeploymentPostprocessing = 0;
		};
/* End PBXFrameworksBuildPhase section */

/* Begin PBXGroup section */
		832DECFB1E56871B009585CE /* Services */ = {
			isa = PBXGroup;
			children = (
				832DECFC1E56871B009585CE /* MetadataService.swift */,
				832DECFD1E56871B009585CE /* Models.swift */,
				832DECFE1E56871B009585CE /* Result.swift */,
				832DECFF1E56871B009585CE /* ServiceHelpers.swift */,
			);
			path = Services;
			sourceTree = "<group>";
		};
		832DED041E568783009585CE /* ViewControllers */ = {
			isa = PBXGroup;
			children = (
				832DED051E568783009585CE /* LoadingViewController.swift */,
				832DED061E568783009585CE /* MoviesViewController.swift */,
				832DED071E568783009585CE /* MovieViewController.swift */,
				832DED0B1E568783009585CE /* TVViewController.swift */,
				832DED0A1E568783009585CE /* TVShowSeasonsViewController.swift */,
				832DED091E568783009585CE /* TVSeasonEpisodesViewController.swift */,
				832DED081E568783009585CE /* TVEpisodeViewController.swift */,
			);
			path = ViewControllers;
			sourceTree = "<group>";
		};
		832DED131E568788009585CE /* State */ = {
			isa = PBXGroup;
			children = (
				832DED141E568788009585CE /* StateManager.swift */,
			);
			path = State;
			sourceTree = "<group>";
		};
		832DED161E568790009585CE /* Cells */ = {
			isa = PBXGroup;
			children = (
				832DED171E568790009585CE /* PictureCell.swift */,
			);
			path = Cells;
			sourceTree = "<group>";
		};
		832DED191E56879D009585CE /* Helpers */ = {
			isa = PBXGroup;
			children = (
				832DED1A1E56879D009585CE /* LayoutHelpers.swift */,
			);
			path = Helpers;
			sourceTree = "<group>";
		};
		8396786F1E56822D00A6B6B2 = {
			isa = PBXGroup;
			children = (
				8396787A1E56822D00A6B6B2 /* gondola-ios */,
				8396788F1E56822D00A6B6B2 /* gondola-iosTests */,
				839678791E56822D00A6B6B2 /* Products */,
			);
			sourceTree = "<group>";
		};
		839678791E56822D00A6B6B2 /* Products */ = {
			isa = PBXGroup;
			children = (
				839678781E56822D00A6B6B2 /* gondola-ios.app */,
				8396788C1E56822D00A6B6B2 /* gondola-iosTests.xctest */,
			);
			name = Products;
			sourceTree = "<group>";
		};
		8396787A1E56822D00A6B6B2 /* gondola-ios */ = {
			isa = PBXGroup;
			children = (
				832DED191E56879D009585CE /* Helpers */,
				832DED161E568790009585CE /* Cells */,
				832DED131E568788009585CE /* State */,
				832DED041E568783009585CE /* ViewControllers */,
				832DECFB1E56871B009585CE /* Services */,
				8396787B1E56822D00A6B6B2 /* AppDelegate.swift */,
				839678821E56822D00A6B6B2 /* Assets.xcassets */,
				839678841E56822D00A6B6B2 /* LaunchScreen.storyboard */,
				839678871E56822D00A6B6B2 /* Info.plist */,
			);
			path = "gondola-ios";
			sourceTree = "<group>";
		};
		8396788F1E56822D00A6B6B2 /* gondola-iosTests */ = {
			isa = PBXGroup;
			children = (
				839678901E56822D00A6B6B2 /* gondola_iosTests.swift */,
				839678921E56822D00A6B6B2 /* Info.plist */,
			);
			path = "gondola-iosTests";
			sourceTree = "<group>";
		};
/* End PBXGroup section */

/* Begin PBXNativeTarget section */
		839678771E56822D00A6B6B2 /* gondola-ios */ = {
			isa = PBXNativeTarget;
			buildConfigurationList = 839678951E56822D00A6B6B2 /* Build configuration list for PBXNativeTarget "gondola-ios" */;
			buildPhases = (
				839678741E56822D00A6B6B2 /* Sources */,
				839678751E56822D00A6B6B2 /* Frameworks */,
				839678761E56822D00A6B6B2 /* Resources */,
			);
			buildRules = (
			);
			dependencies = (
			);
			name = "gondola-ios";
			productName = "gondola-ios";
			productReference = 839678781E56822D00A6B6B2 /* gondola-ios.app */;
			productType = "com.apple.product-type.application";
		};
		8396788B1E56822D00A6B6B2 /* gondola-iosTests */ = {
			isa = PBXNativeTarget;
			buildConfigurationList = 839678981E56822D00A6B6B2 /* Build configuration list for PBXNativeTarget "gondola-iosTests" */;
			buildPhases = (
				839678881E56822D00A6B6B2 /* Sources */,
				839678891E56822D00A6B6B2 /* Frameworks */,
				8396788A1E56822D00A6B6B2 /* Resources */,
			);
			buildRules = (
			);
			dependencies = (
				8396788E1E56822D00A6B6B2 /* PBXTargetDependency */,
			);
			name = "gondola-iosTests";
			productName = "gondola-iosTests";
			productReference = 8396788C1E56822D00A6B6B2 /* gondola-iosTests.xctest */;
			productType = "com.apple.product-type.bundle.unit-test";
		};
/* End PBXNativeTarget section */

/* Begin PBXProject section */
		839678701E56822D00A6B6B2 /* Project object */ = {
			isa = PBXProject;
			attributes = {
				LastSwiftUpdateCheck = 0820;
				LastUpgradeCheck = 0820;
				ORGANIZATIONNAME = Gondola;
				TargetAttributes = {
					839678771E56822D00A6B6B2 = {
						CreatedOnToolsVersion = 8.2.1;
						DevelopmentTeam = 99M38G59F6;
						ProvisioningStyle = Automatic;
					};
					8396788B1E56822D00A6B6B2 = {
						CreatedOnToolsVersion = 8.2.1;
						DevelopmentTeam = 99M38G59F6;
						ProvisioningStyle = Automatic;
						TestTargetID = 839678771E56822D00A6B6B2;
					};
				};
			};
			buildConfigurationList = 839678731E56822D00A6B6B2 /* Build configuration list for PBXProject "gondola-ios" */;
			compatibilityVersion = "Xcode 3.2";
			developmentRegion = English;
			hasScannedForEncodings = 0;
			knownRegions = (
				en,
				Base,
			);
			mainGroup = 8396786F1E56822D00A6B6B2;
			productRefGroup = 839678791E56822D00A6B6B2 /* Products */;
			projectDirPath = "";
			projectRoot = "";
			targets = (
				839678771E56822D00A6B6B2 /* gondola-ios */,
				8396788B1E56822D00A6B6B2 /* gondola-iosTests */,
			);
		};
/* End PBXProject section */

/* Begin PBXResourcesBuildPhase section */
		839678761E56822D00A6B6B2 /* Resources */ = {
			isa = PBXResourcesBuildPhase;
			buildActionMask = 2147483647;
			files = (
				839678861E56822D00A6B6B2 /* LaunchScreen.storyboard in Resources */,
				839678831E56822D00A6B6B2 /* Assets.xcassets in Resources */,
			);
			runOnlyForDeploymentPostprocessing = 0;
		};
		8396788A1E56822D00A6B6B2 /* Resources */ = {
			isa = PBXResourcesBuildPhase;
			buildActionMask = 2147483647;
			files = (
			);
			runOnlyForDeploymentPostprocessing = 0;
		};
/* End PBXResourcesBuildPhase section */

/* Begin PBXSourcesBuildPhase section */
		839678741E56822D00A6B6B2 /* Sources */ = {
			isa = PBXSourcesBuildPhase;
			buildActionMask = 2147483647;
			files = (
				832DED031E56871B009585CE /* ServiceHelpers.swift in Sources */,
				832DED1B1E56879D009585CE /* LayoutHelpers.swift in Sources */,
				832DED011E56871B009585CE /* Models.swift in Sources */,
				832DED001E56871B009585CE /* MetadataService.swift in Sources */,
				832DED0E1E568783009585CE /* MovieViewController.swift in Sources */,
				832DED021E56871B009585CE /* Result.swift in Sources */,
				832DED151E568788009585CE /* StateManager.swift in Sources */,
				832DED101E568783009585CE /* TVSeasonEpisodesViewController.swift in Sources */,
				832DED121E568783009585CE /* TVViewController.swift in Sources */,
				8396787C1E56822D00A6B6B2 /* AppDelegate.swift in Sources */,
				832DED111E568783009585CE /* TVShowSeasonsViewController.swift in Sources */,
				832DED0D1E568783009585CE /* MoviesViewController.swift in Sources */,
				832DED0C1E568783009585CE /* LoadingViewController.swift in Sources */,
				832DED181E568790009585CE /* PictureCell.swift in Sources */,
				832DED0F1E568783009585CE /* TVEpisodeViewController.swift in Sources */,
			);
			runOnlyForDeploymentPostprocessing = 0;
		};
		839678881E56822D00A6B6B2 /* Sources */ = {
			isa = PBXSourcesBuildPhase;
			buildActionMask = 2147483647;
			files = (
				839678911E56822D00A6B6B2 /* gondola_iosTests.swift in Sources */,
			);
			runOnlyForDeploymentPostprocessing = 0;
		};
/* End PBXSourcesBuildPhase section */

/* Begin PBXTargetDependency section */
		8396788E1E56822D00A6B6B2 /* PBXTargetDependency */ = {
			isa = PBXTargetDependency;
			target = 839678771E56822D00A6B6B2 /* gondola-ios */;
			targetProxy = 8396788D1E56822D00A6B6B2 /* PBXContainerItemProxy */;
		};
/* End PBXTargetDependency section */

/* Begin PBXVariantGroup section */
		839678841E56822D00A6B6B2 /* LaunchScreen.storyboard */ = {
			isa = PBXVariantGroup;
			children = (
				839678851E56822D00A6B6B2 /* Base */,
			);
			name = LaunchScreen.storyboard;
			sourceTree = "<group>";
		};
/* End PBXVariantGroup section */

/* Begin XCBuildConfiguration section */
		839678931E56822D00A6B6B2 /* Debug */ = {
			isa = XCBuildConfiguration;
			buildSettings = {
				ALWAYS_SEARCH_USER_PATHS = NO;
				CLANG_ANALYZER_NONNULL = YES;
				CLANG_CXX_LANGUAGE_STANDARD = "gnu++0x";
				CLANG_CXX_LIBRARY = "libc++";
				CLANG_ENABLE_MODULES = YES;
				CLANG_ENABLE_OBJC_ARC = YES;
				CLANG_WARN_BOOL_CONVERSION = YES;
				CLANG_WARN_CONSTANT_CONVERSION = YES;
				CLANG_WARN_DIRECT_OBJC_ISA_USAGE = YES_ERROR;
				CLANG_WARN_DOCUMENTATION_COMMENTS = YES;
				CLANG_WARN_EMPTY_BODY = YES;
				CLANG_WARN_ENUM_CONVERSION = YES;
				CLANG_WARN_INFINITE_RECURSION = YES;
				CLANG_WARN_INT_CONVERSION = YES;
				CLANG_WARN_OBJC_ROOT_CLASS = YES_ERROR;
				CLANG_WARN_SUSPICIOUS_MOVE = YES;
				CLANG_WARN_UNREACHABLE_CODE = YES;
				CLANG_WARN__DUPLICATE_METHOD_MATCH = YES;
				"CODE_SIGN_IDENTITY[sdk=iphoneos*]" = "iPhone Developer";
				COPY_PHASE_STRIP = NO;
				DEBUG_INFORMATION_FORMAT = dwarf;
				ENABLE_STRICT_OBJC_MSGSEND = YES;
				ENABLE_TESTABILITY = YES;
				GCC_C_LANGUAGE_STANDARD = gnu99;
				GCC_DYNAMIC_NO_PIC = NO;
				GCC_NO_COMMON_BLOCKS = YES;
				GCC_OPTIMIZATION_LEVEL = 0;
				GCC_PREPROCESSOR_DEFINITIONS = (
					"DEBUG=1",
					"$(inherited)",
				);
				GCC_WARN_64_TO_32_BIT_CONVERSION = YES;
				GCC_WARN_ABOUT_RETURN_TYPE = YES_ERROR;
				GCC_WARN_UNDECLARED_SELECTOR = YES;
				GCC_WARN_UNINITIALIZED_AUTOS = YES_AGGRESSIVE;
				GCC_WARN_UNUSED_FUNCTION = YES;
				GCC_WARN_UNUSED_VARIABLE = YES;
				IPHONEOS_DEPLOYMENT_TARGET = 10.0;
				MTL_ENABLE_DEBUG_INFO = YES;
				ONLY_ACTIVE_ARCH = YES;
				SDKROOT = iphoneos;
				SWIFT_ACTIVE_COMPILATION_CONDITIONS = DEBUG;
				SWIFT_OPTIMIZATION_LEVEL = "-Onone";
				TARGETED_DEVICE_FAMILY = "1,2";
			};
			name = Debug;
		};
		839678941E56822D00A6B6B2 /* Release */ = {
			isa = XCBuildConfiguration;
			buildSettings = {
				ALWAYS_SEARCH_USER_PATHS = NO;
				CLANG_ANALYZER_NONNULL = YES;
				CLANG_CXX_LANGUAGE_STANDARD = "gnu++0x";
				CLANG_CXX_LIBRARY = "libc++";
				CLANG_ENABLE_MODULES = YES;
				CLANG_ENABLE_OBJC_ARC = YES;
				CLANG_WARN_BOOL_CONVERSION = YES;
				CLANG_WARN_CONSTANT_CONVERSION = YES;
				CLANG_WARN_DIRECT_OBJC_ISA_USAGE = YES_ERROR;
				CLANG_WARN_DOCUMENTATION_COMMENTS = YES;
				CLANG_WARN_EMPTY_BODY = YES;
				CLANG_WARN_ENUM_CONVERSION = YES;
				CLANG_WARN_INFINITE_RECURSION = YES;
				CLANG_WARN_INT_CONVERSION = YES;
				CLANG_WARN_OBJC_ROOT_CLASS = YES_ERROR;
				CLANG_WARN_SUSPICIOUS_MOVE = YES;
				CLANG_WARN_UNREACHABLE_CODE = YES;
				CLANG_WARN__DUPLICATE_METHOD_MATCH = YES;
				"CODE_SIGN_IDENTITY[sdk=iphoneos*]" = "iPhone Developer";
				COPY_PHASE_STRIP = NO;
				DEBUG_INFORMATION_FORMAT = "dwarf-with-dsym";
				ENABLE_NS_ASSERTIONS = NO;
				ENABLE_STRICT_OBJC_MSGSEND = YES;
				GCC_C_LANGUAGE_STANDARD = gnu99;
				GCC_NO_COMMON_BLOCKS = YES;
				GCC_WARN_64_TO_32_BIT_CONVERSION = YES;
				GCC_WARN_ABOUT_RETURN_TYPE = YES_ERROR;
				GCC_WARN_UNDECLARED_SELECTOR = YES;
				GCC_WARN_UNINITIALIZED_AUTOS = YES_AGGRESSIVE;
				GCC_WARN_UNUSED_FUNCTION = YES;
				GCC_WARN_UNUSED_VARIABLE = YES;
				IPHONEOS_DEPLOYMENT_TARGET = 10.0;
				MTL_ENABLE_DEBUG_INFO = NO;
				SDKROOT = iphoneos;
				SWIFT_OPTIMIZATION_LEVEL = "-Owholemodule";
				TARGETED_DEVICE_FAMILY = "1,2";
				VALIDATE_PRODUCT = YES;
			};
			name = Release;
		};
		839678961E56822D00A6B6B2 /* Debug */ = {
			isa = XCBuildConfiguration;
			buildSettings = {
				ASSETCATALOG_COMPILER_APPICON_NAME = AppIcon;
				DEVELOPMENT_TEAM = 99M38G59F6;
				INFOPLIST_FILE = "gondola-ios/Info.plist";
				LD_RUNPATH_SEARCH_PATHS = "$(inherited) @executable_path/Frameworks";
				PRODUCT_BUNDLE_IDENTIFIER = com.splinter.gondola;
				PRODUCT_NAME = "$(TARGET_NAME)";
				SWIFT_VERSION = 3.0;
			};
			name = Debug;
		};
		839678971E56822D00A6B6B2 /* Release */ = {
			isa = XCBuildConfiguration;
			buildSettings = {
				ASSETCATALOG_COMPILER_APPICON_NAME = AppIcon;
				DEVELOPMENT_TEAM = 99M38G59F6;
				INFOPLIST_FILE = "gondola-ios/Info.plist";
				LD_RUNPATH_SEARCH_PATHS = "$(inherited) @executable_path/Frameworks";
				PRODUCT_BUNDLE_IDENTIFIER = com.splinter.gondola;
				PRODUCT_NAME = "$(TARGET_NAME)";
				SWIFT_VERSION = 3.0;
			};
			name = Release;
		};
		839678991E56822D00A6B6B2 /* Debug */ = {
			isa = XCBuildConfiguration;
			buildSettings = {
				ALWAYS_EMBED_SWIFT_STANDARD_LIBRARIES = YES;
				BUNDLE_LOADER = "$(TEST_HOST)";
				DEVELOPMENT_TEAM = 99M38G59F6;
				INFOPLIST_FILE = "gondola-iosTests/Info.plist";
				LD_RUNPATH_SEARCH_PATHS = "$(inherited) @executable_path/Frameworks @loader_path/Frameworks";
				PRODUCT_BUNDLE_IDENTIFIER = "au.com.splinter.gondola-iosTests";
				PRODUCT_NAME = "$(TARGET_NAME)";
				SWIFT_VERSION = 3.0;
				TEST_HOST = "$(BUILT_PRODUCTS_DIR)/gondola-ios.app/gondola-ios";
			};
			name = Debug;
		};
		8396789A1E56822D00A6B6B2 /* Release */ = {
			isa = XCBuildConfiguration;
			buildSettings = {
				ALWAYS_EMBED_SWIFT_STANDARD_LIBRARIES = YES;
				BUNDLE_LOADER = "$(TEST_HOST)";
				DEVELOPMENT_TEAM = 99M38G59F6;
				INFOPLIST_FILE = "gondola-iosTests/Info.plist";
				LD_RUNPATH_SEARCH_PATHS = "$(inherited) @executable_path/Frameworks @loader_path/Frameworks";
				PRODUCT_BUNDLE_IDENTIFIER = "au.com.splinter.gondola-iosTests";
				PRODUCT_NAME = "$(TARGET_NAME)";
				SWIFT_VERSION = 3.0;
				TEST_HOST = "$(BUILT_PRODUCTS_DIR)/gondola-ios.app/gondola-ios";
			};
			name = Release;
		};
/* End XCBuildConfiguration section */

/* Begin XCConfigurationList section */
		839678731E56822D00A6B6B2 /* Build configuration list for PBXProject "gondola-ios" */ = {
			isa = XCConfigurationList;
			buildConfigurations = (
				839678931E56822D00A6B6B2 /* Debug */,
				839678941E56822D00A6B6B2 /* Release */,
			);
			defaultConfigurationIsVisible = 0;
			defaultConfigurationName = Release;
		};
		839678951E56822D00A6B6B2 /* Build configuration list for PBXNativeTarget "gondola-ios" */ = {
			isa = XCConfigurationList;
			buildConfigurations = (
				839678961E56822D00A6B6B2 /* Debug */,
				839678971E56822D00A6B6B2 /* Release */,
			);
			defaultConfigurationIsVisible = 0;
			defaultConfigurationName = Release;
		};
		839678981E56822D00A6B6B2 /* Build configuration list for PBXNativeTarget "gondola-iosTests" */ = {
			isa = XCConfigurationList;
			buildConfigurations = (
				839678991E56822D00A6B6B2 /* Debug */,
				8396789A1E56822D00A6B6B2 /* Release */,
			);
			defaultConfigurationIsVisible = 0;
			defaultConfigurationName = Release;
		};
/* End XCConfigurationList section */
	};
	rootObject = 839678701E56822D00A6B6B2 /* Project object */;
}
